
Microsoft Visual Studio Solution File, Format Version 12.00
# Visual Studio Version 17
VisualStudioVersion = 17.7.34003.232
MinimumVisualStudioVersion = 10.0.40219.1
Project("{FAE04EC0-301F-11D3-BF4B-00C04F79EFBC}") = "Kontakty", "Kontakty\Kontakty.csproj", "{D3CA1BB6-DF55-4ABE-A967-C4D005A30A41}"
EndProject
Global
	GlobalSection(SolutionConfigurationPlatforms) = preSolution
		Debug|Any CPU = Debug|Any CPU
		Release|Any CPU = Release|Any CPU
	EndGlobalSection
	GlobalSection(ProjectConfigurationPlatforms) = postSolution
		{D3CA1BB6-DF55-4ABE-A967-C4D005A30A41}.Debug|Any CPU.ActiveCfg = Debug|Any CPU
		{D3CA1BB6-DF55-4ABE-A967-C4D005A30A41}.Debug|Any CPU.Build.0 = Debug|Any CPU
		{D3CA1BB6-DF55-4ABE-A967-C4D005A30A41}.Release|Any CPU.ActiveCfg = Release|Any CPU
		{D3CA1BB6-DF55-4ABE-A967-C4D005A30A41}.Release|Any CPU.Build.0 = Release|Any CPU
	EndGlobalSection
	GlobalSection(SolutionProperties) = preSolution
		HideSolutionNode = FALSE
	EndGlobalSection
	GlobalSection(ExtensibilityGlobals) = postSolution
		SolutionGuid = {CD47C060-B31A-4EE4-AD9D-63E1B67409FA}
	EndGlobalSection
EndGlobal
